
Microsoft Visual Studio Solution File, Format Version 12.00
# Visual Studio Version 17
VisualStudioVersion = 17.9.34728.123
MinimumVisualStudioVersion = 10.0.40219.1
Project("{FAE04EC0-301F-11D3-BF4B-00C04F79EFBC}") = "Online_Learning", "Online_Learning.csproj", "{3DCEFB50-F29C-4325-AF76-00FCA7F0B8D4}"
EndProject
Global
	GlobalSection(SolutionConfigurationPlatforms) = preSolution
		Debug|Any CPU = Debug|Any CPU
		Release|Any CPU = Release|Any CPU
	EndGlobalSection
	GlobalSection(ProjectConfigurationPlatforms) = postSolution
		{3DCEFB50-F29C-4325-AF76-00FCA7F0B8D4}.Debug|Any CPU.ActiveCfg = Debug|Any CPU
		{3DCEFB50-F29C-4325-AF76-00FCA7F0B8D4}.Debug|Any CPU.Build.0 = Debug|Any CPU
		{3DCEFB50-F29C-4325-AF76-00FCA7F0B8D4}.Release|Any CPU.ActiveCfg = Release|Any CPU
		{3DCEFB50-F29C-4325-AF76-00FCA7F0B8D4}.Release|Any CPU.Build.0 = Release|Any CPU
	EndGlobalSection
	GlobalSection(SolutionProperties) = preSolution
		HideSolutionNode = FALSE
	EndGlobalSection
	GlobalSection(ExtensibilityGlobals) = postSolution
		SolutionGuid = {067620AD-29E8-4061-AA00-C999DBB59548}
	EndGlobalSection
EndGlobal
